// !$*UTF8*$!
{
	archiveVersion = 1;
	classes = {
	};
	objectVersion = 51;
	objects = {

/* Begin PBXBuildFile section */
		7B85A090BAF1AB7430ECD5F1 /* Pods_GoulashClub.framework in Frameworks */ = {isa = PBXBuildFile; fileRef = 3814C23BFA578661915EAC53 /* Pods_GoulashClub.framework */; };
		AD598BEC23845A3B00762123 /* DetailViewModel.swift in Sources */ = {isa = PBXBuildFile; fileRef = AD598BEB23845A3B00762123 /* DetailViewModel.swift */; };
		AD9FF3562386BB58007E1448 /* DetailSceneDelegate.swift in Sources */ = {isa = PBXBuildFile; fileRef = AD9FF3552386BB58007E1448 /* DetailSceneDelegate.swift */; };
		AD9FF3582386BB97007E1448 /* DetailCoordinator.swift in Sources */ = {isa = PBXBuildFile; fileRef = AD9FF3572386BB97007E1448 /* DetailCoordinator.swift */; };
		AD9FF35A2386BC08007E1448 /* ListCoordinator.swift in Sources */ = {isa = PBXBuildFile; fileRef = AD9FF3592386BC08007E1448 /* ListCoordinator.swift */; };
		ADA6EDAA239A57D9005BB9AA /* UIApplicationShortcutItem+Convenience.swift in Sources */ = {isa = PBXBuildFile; fileRef = ADA6EDA9239A57D9005BB9AA /* UIApplicationShortcutItem+Convenience.swift */; };
		ADD7CFBE2386FB49003C0A80 /* NSUserActivitySet+Scenes.swift in Sources */ = {isa = PBXBuildFile; fileRef = ADD7CFBD2386FB49003C0A80 /* NSUserActivitySet+Scenes.swift */; };
		ADD7CFC0238D8E17003C0A80 /* Restorable.swift in Sources */ = {isa = PBXBuildFile; fileRef = ADD7CFBF238D8E17003C0A80 /* Restorable.swift */; };
		ADD7CFC3238D8F20003C0A80 /* DetailSceneActivity.swift in Sources */ = {isa = PBXBuildFile; fileRef = ADD7CFC2238D8F20003C0A80 /* DetailSceneActivity.swift */; };
		ADD7CFC5238D93A9003C0A80 /* DefaultSceneActivity.swift in Sources */ = {isa = PBXBuildFile; fileRef = ADD7CFC4238D93A9003C0A80 /* DefaultSceneActivity.swift */; };
		ADEDE5E023B1171E001C8238 /* UIColor+AppColors.swift in Sources */ = {isa = PBXBuildFile; fileRef = ADEDE5DF23B1171E001C8238 /* UIColor+AppColors.swift */; };
		ADEDE5E223B1172C001C8238 /* UIFont+AppFonts.swift in Sources */ = {isa = PBXBuildFile; fileRef = ADEDE5E123B1172C001C8238 /* UIFont+AppFonts.swift */; };
		ADEDE5EA23B1178B001C8238 /* SFProDisplay-Bold.ttf in Resources */ = {isa = PBXBuildFile; fileRef = ADEDE5E423B11782001C8238 /* SFProDisplay-Bold.ttf */; };
		ADEDE5EB23B1178B001C8238 /* SFProDisplay-Regular.ttf in Resources */ = {isa = PBXBuildFile; fileRef = ADEDE5E523B11785001C8238 /* SFProDisplay-Regular.ttf */; };
		ADEDE5EF23B1178B001C8238 /* SFProDisplay-Semibold.ttf in Resources */ = {isa = PBXBuildFile; fileRef = ADEDE5E923B1178B001C8238 /* SFProDisplay-Semibold.ttf */; };
		ADEDE5F123BA0711001C8238 /* UIImageView+FirebaseImage.swift in Sources */ = {isa = PBXBuildFile; fileRef = ADEDE5F023BA0711001C8238 /* UIImageView+FirebaseImage.swift */; };
		ADEDE5F323BA078E001C8238 /* StorageManager.swift in Sources */ = {isa = PBXBuildFile; fileRef = ADEDE5F223BA078E001C8238 /* StorageManager.swift */; };
		ADEDE5F523BA0E89001C8238 /* UIImage+AppImages.swift in Sources */ = {isa = PBXBuildFile; fileRef = ADEDE5F423BA0E89001C8238 /* UIImage+AppImages.swift */; };
		ADEEF59C239A561F00FDE7FA /* DetailShortcutItem.swift in Sources */ = {isa = PBXBuildFile; fileRef = ADEEF59B239A561F00FDE7FA /* DetailShortcutItem.swift */; };
		C1178818236ADC24005FC9C0 /* AppDelegate.swift in Sources */ = {isa = PBXBuildFile; fileRef = C1178817236ADC24005FC9C0 /* AppDelegate.swift */; };
		C117881A236ADC24005FC9C0 /* DefaultSceneDelegate.swift in Sources */ = {isa = PBXBuildFile; fileRef = C1178819236ADC24005FC9C0 /* DefaultSceneDelegate.swift */; };
		C1178821236ADC28005FC9C0 /* Assets.xcassets in Resources */ = {isa = PBXBuildFile; fileRef = C1178820236ADC28005FC9C0 /* Assets.xcassets */; };
		C1178833236ADE9B005FC9C0 /* LaunchScreen.storyboard in Resources */ = {isa = PBXBuildFile; fileRef = C1178832236ADE9B005FC9C0 /* LaunchScreen.storyboard */; };
		C133368F23716B7200CD5247 /* DefaultCoordinator.swift in Sources */ = {isa = PBXBuildFile; fileRef = C133368E23716B7200CD5247 /* DefaultCoordinator.swift */; };
		C13336952371EEF200CD5247 /* GoogleService-iOS.plist in Resources */ = {isa = PBXBuildFile; fileRef = C13336942371EEF200CD5247 /* GoogleService-iOS.plist */; };
		C13336972371EEFC00CD5247 /* GoogleService-Mac.plist in Resources */ = {isa = PBXBuildFile; fileRef = C13336962371EEFC00CD5247 /* GoogleService-Mac.plist */; };
		C133369D2372EA1100CD5247 /* FirebaseManager.swift in Sources */ = {isa = PBXBuildFile; fileRef = C133369C2372EA1100CD5247 /* FirebaseManager.swift */; };
		C13336A02372EA9900CD5247 /* Place.swift in Sources */ = {isa = PBXBuildFile; fileRef = C133369F2372EA9900CD5247 /* Place.swift */; };
		C13336A22372EB0400CD5247 /* DataStatus.swift in Sources */ = {isa = PBXBuildFile; fileRef = C13336A12372EB0400CD5247 /* DataStatus.swift */; };
		C17E947D23829065007315DF /* WRO.swift in Sources */ = {isa = PBXBuildFile; fileRef = C17E947C23829065007315DF /* WRO.swift */; };
		C17E94802382A44B007315DF /* AppDependency.swift in Sources */ = {isa = PBXBuildFile; fileRef = C17E947F2382A44B007315DF /* AppDependency.swift */; };
		C17E94822382A483007315DF /* AppDependencable.swift in Sources */ = {isa = PBXBuildFile; fileRef = C17E94812382A483007315DF /* AppDependencable.swift */; };
		C17E94842382A5E7007315DF /* Coordinating.swift in Sources */ = {isa = PBXBuildFile; fileRef = C17E94832382A5E7007315DF /* Coordinating.swift */; };
		C17E94862382A87C007315DF /* PlacesViewModel.swift in Sources */ = {isa = PBXBuildFile; fileRef = C17E94852382A87C007315DF /* PlacesViewModel.swift */; };
		C17E94882382AA10007315DF /* UIWidowSceneDelegate+AppCoordinator.swift in Sources */ = {isa = PBXBuildFile; fileRef = C17E94872382AA10007315DF /* UIWidowSceneDelegate+AppCoordinator.swift */; };
		C17E948B2382AD9E007315DF /* PlaceCell.swift in Sources */ = {isa = PBXBuildFile; fileRef = C17E948A2382AD9E007315DF /* PlaceCell.swift */; };
		C17E948D2382AE1D007315DF /* UITableView+RegistrationHelpers.swift in Sources */ = {isa = PBXBuildFile; fileRef = C17E948C2382AE1D007315DF /* UITableView+RegistrationHelpers.swift */; };
		C17E94902382AE45007315DF /* NibNameIdentifiable.swift in Sources */ = {isa = PBXBuildFile; fileRef = C17E948E2382AE44007315DF /* NibNameIdentifiable.swift */; };
		C17E94932382AFC8007315DF /* DatabaseError.swift in Sources */ = {isa = PBXBuildFile; fileRef = C17E94922382AFC8007315DF /* DatabaseError.swift */; };
		C17E94952382B0AC007315DF /* JSONDecoder+Firebase.swift in Sources */ = {isa = PBXBuildFile; fileRef = C17E94942382B0AC007315DF /* JSONDecoder+Firebase.swift */; };
		C192743C23705C5100A81743 /* UIViewController+ConvenienceInit.swift in Sources */ = {isa = PBXBuildFile; fileRef = C192743B23705C5100A81743 /* UIViewController+ConvenienceInit.swift */; };
		C19CCAA9236ADF920011B111 /* PlacesViewController.swift in Sources */ = {isa = PBXBuildFile; fileRef = C19CCAA8236ADF920011B111 /* PlacesViewController.swift */; };
		C1C84016237F1048001D6340 /* DatabaseManaging.swift in Sources */ = {isa = PBXBuildFile; fileRef = C1C84015237F1048001D6340 /* DatabaseManaging.swift */; };
		C1C84018237F1068001D6340 /* DatabaseListener.swift in Sources */ = {isa = PBXBuildFile; fileRef = C1C84017237F1068001D6340 /* DatabaseListener.swift */; };
		C1EEBD4E237070D0002E31DF /* Constants.swift in Sources */ = {isa = PBXBuildFile; fileRef = C1EEBD4D237070D0002E31DF /* Constants.swift */; };
		C1EEBD52237071DD002E31DF /* GoulashSplitViewController.swift in Sources */ = {isa = PBXBuildFile; fileRef = C1EEBD51237071DD002E31DF /* GoulashSplitViewController.swift */; };
		C1EEBD54237071FE002E31DF /* GoulashNavigationController.swift in Sources */ = {isa = PBXBuildFile; fileRef = C1EEBD53237071FE002E31DF /* GoulashNavigationController.swift */; };
		C1EEBD5623707235002E31DF /* DetailViewController.swift in Sources */ = {isa = PBXBuildFile; fileRef = C1EEBD5523707235002E31DF /* DetailViewController.swift */; };
		C1EEBD58237075E2002E31DF /* UIView+Layout.swift in Sources */ = {isa = PBXBuildFile; fileRef = C1EEBD57237075E2002E31DF /* UIView+Layout.swift */; };
		C1EEBD5B23707628002E31DF /* LayoutSpecifier.swift in Sources */ = {isa = PBXBuildFile; fileRef = C1EEBD5A23707628002E31DF /* LayoutSpecifier.swift */; };
		C1EEBD5E23707B70002E31DF /* AppCoordinator.swift in Sources */ = {isa = PBXBuildFile; fileRef = C1EEBD5D23707B70002E31DF /* AppCoordinator.swift */; };
/* End PBXBuildFile section */

/* Begin PBXFileReference section */
		3814C23BFA578661915EAC53 /* Pods_GoulashClub.framework */ = {isa = PBXFileReference; explicitFileType = wrapper.framework; includeInIndex = 0; path = Pods_GoulashClub.framework; sourceTree = BUILT_PRODUCTS_DIR; };
		8206A4DC65D60E0E1BF07076 /* Pods-GoulashClub.debug.xcconfig */ = {isa = PBXFileReference; includeInIndex = 1; lastKnownFileType = text.xcconfig; name = "Pods-GoulashClub.debug.xcconfig"; path = "Target Support Files/Pods-GoulashClub/Pods-GoulashClub.debug.xcconfig"; sourceTree = "<group>"; };
		AD598BEB23845A3B00762123 /* DetailViewModel.swift */ = {isa = PBXFileReference; lastKnownFileType = sourcecode.swift; path = DetailViewModel.swift; sourceTree = "<group>"; };
		AD9FF3552386BB58007E1448 /* DetailSceneDelegate.swift */ = {isa = PBXFileReference; lastKnownFileType = sourcecode.swift; path = DetailSceneDelegate.swift; sourceTree = "<group>"; };
		AD9FF3572386BB97007E1448 /* DetailCoordinator.swift */ = {isa = PBXFileReference; lastKnownFileType = sourcecode.swift; path = DetailCoordinator.swift; sourceTree = "<group>"; };
		AD9FF3592386BC08007E1448 /* ListCoordinator.swift */ = {isa = PBXFileReference; lastKnownFileType = sourcecode.swift; path = ListCoordinator.swift; sourceTree = "<group>"; };
		ADA6EDA9239A57D9005BB9AA /* UIApplicationShortcutItem+Convenience.swift */ = {isa = PBXFileReference; lastKnownFileType = sourcecode.swift; path = "UIApplicationShortcutItem+Convenience.swift"; sourceTree = "<group>"; };
		ADD7CFBD2386FB49003C0A80 /* NSUserActivitySet+Scenes.swift */ = {isa = PBXFileReference; lastKnownFileType = sourcecode.swift; path = "NSUserActivitySet+Scenes.swift"; sourceTree = "<group>"; };
		ADD7CFBF238D8E17003C0A80 /* Restorable.swift */ = {isa = PBXFileReference; lastKnownFileType = sourcecode.swift; path = Restorable.swift; sourceTree = "<group>"; };
		ADD7CFC2238D8F20003C0A80 /* DetailSceneActivity.swift */ = {isa = PBXFileReference; lastKnownFileType = sourcecode.swift; path = DetailSceneActivity.swift; sourceTree = "<group>"; };
		ADD7CFC4238D93A9003C0A80 /* DefaultSceneActivity.swift */ = {isa = PBXFileReference; lastKnownFileType = sourcecode.swift; path = DefaultSceneActivity.swift; sourceTree = "<group>"; };
		ADEDE5DF23B1171E001C8238 /* UIColor+AppColors.swift */ = {isa = PBXFileReference; lastKnownFileType = sourcecode.swift; path = "UIColor+AppColors.swift"; sourceTree = "<group>"; };
		ADEDE5E123B1172C001C8238 /* UIFont+AppFonts.swift */ = {isa = PBXFileReference; lastKnownFileType = sourcecode.swift; path = "UIFont+AppFonts.swift"; sourceTree = "<group>"; };
		ADEDE5E423B11782001C8238 /* SFProDisplay-Bold.ttf */ = {isa = PBXFileReference; lastKnownFileType = file; path = "SFProDisplay-Bold.ttf"; sourceTree = "<group>"; };
		ADEDE5E523B11785001C8238 /* SFProDisplay-Regular.ttf */ = {isa = PBXFileReference; lastKnownFileType = file; path = "SFProDisplay-Regular.ttf"; sourceTree = "<group>"; };
		ADEDE5E923B1178B001C8238 /* SFProDisplay-Semibold.ttf */ = {isa = PBXFileReference; lastKnownFileType = file; path = "SFProDisplay-Semibold.ttf"; sourceTree = "<group>"; };
		ADEDE5F023BA0711001C8238 /* UIImageView+FirebaseImage.swift */ = {isa = PBXFileReference; lastKnownFileType = sourcecode.swift; path = "UIImageView+FirebaseImage.swift"; sourceTree = "<group>"; };
		ADEDE5F223BA078E001C8238 /* StorageManager.swift */ = {isa = PBXFileReference; lastKnownFileType = sourcecode.swift; path = StorageManager.swift; sourceTree = "<group>"; };
		ADEDE5F423BA0E89001C8238 /* UIImage+AppImages.swift */ = {isa = PBXFileReference; lastKnownFileType = sourcecode.swift; path = "UIImage+AppImages.swift"; sourceTree = "<group>"; };
		ADEEF59B239A561F00FDE7FA /* DetailShortcutItem.swift */ = {isa = PBXFileReference; lastKnownFileType = sourcecode.swift; path = DetailShortcutItem.swift; sourceTree = "<group>"; };
		C1178814236ADC24005FC9C0 /* GoulashClub.app */ = {isa = PBXFileReference; explicitFileType = wrapper.application; includeInIndex = 0; path = GoulashClub.app; sourceTree = BUILT_PRODUCTS_DIR; };
		C1178817236ADC24005FC9C0 /* AppDelegate.swift */ = {isa = PBXFileReference; lastKnownFileType = sourcecode.swift; path = AppDelegate.swift; sourceTree = "<group>"; };
		C1178819236ADC24005FC9C0 /* DefaultSceneDelegate.swift */ = {isa = PBXFileReference; lastKnownFileType = sourcecode.swift; path = DefaultSceneDelegate.swift; sourceTree = "<group>"; };
		C1178820236ADC28005FC9C0 /* Assets.xcassets */ = {isa = PBXFileReference; lastKnownFileType = folder.assetcatalog; path = Assets.xcassets; sourceTree = "<group>"; };
		C1178825236ADC28005FC9C0 /* Info.plist */ = {isa = PBXFileReference; lastKnownFileType = text.plist.xml; path = Info.plist; sourceTree = "<group>"; };
		C1178832236ADE9B005FC9C0 /* LaunchScreen.storyboard */ = {isa = PBXFileReference; fileEncoding = 4; lastKnownFileType = file.storyboard; path = LaunchScreen.storyboard; sourceTree = "<group>"; };
		C133368E23716B7200CD5247 /* DefaultCoordinator.swift */ = {isa = PBXFileReference; lastKnownFileType = sourcecode.swift; path = DefaultCoordinator.swift; sourceTree = "<group>"; };
		C13336942371EEF200CD5247 /* GoogleService-iOS.plist */ = {isa = PBXFileReference; fileEncoding = 4; lastKnownFileType = text.plist.xml; path = "GoogleService-iOS.plist"; sourceTree = "<group>"; };
		C13336962371EEFC00CD5247 /* GoogleService-Mac.plist */ = {isa = PBXFileReference; fileEncoding = 4; lastKnownFileType = text.plist.xml; path = "GoogleService-Mac.plist"; sourceTree = "<group>"; };
		C133369C2372EA1100CD5247 /* FirebaseManager.swift */ = {isa = PBXFileReference; lastKnownFileType = sourcecode.swift; path = FirebaseManager.swift; sourceTree = "<group>"; };
		C133369F2372EA9900CD5247 /* Place.swift */ = {isa = PBXFileReference; lastKnownFileType = sourcecode.swift; path = Place.swift; sourceTree = "<group>"; };
		C13336A12372EB0400CD5247 /* DataStatus.swift */ = {isa = PBXFileReference; lastKnownFileType = sourcecode.swift; path = DataStatus.swift; sourceTree = "<group>"; };
		C17E947C23829065007315DF /* WRO.swift */ = {isa = PBXFileReference; lastKnownFileType = sourcecode.swift; path = WRO.swift; sourceTree = "<group>"; };
		C17E947F2382A44B007315DF /* AppDependency.swift */ = {isa = PBXFileReference; lastKnownFileType = sourcecode.swift; path = AppDependency.swift; sourceTree = "<group>"; };
		C17E94812382A483007315DF /* AppDependencable.swift */ = {isa = PBXFileReference; lastKnownFileType = sourcecode.swift; path = AppDependencable.swift; sourceTree = "<group>"; };
		C17E94832382A5E7007315DF /* Coordinating.swift */ = {isa = PBXFileReference; lastKnownFileType = sourcecode.swift; path = Coordinating.swift; sourceTree = "<group>"; };
		C17E94852382A87C007315DF /* PlacesViewModel.swift */ = {isa = PBXFileReference; lastKnownFileType = sourcecode.swift; path = PlacesViewModel.swift; sourceTree = "<group>"; };
		C17E94872382AA10007315DF /* UIWidowSceneDelegate+AppCoordinator.swift */ = {isa = PBXFileReference; lastKnownFileType = sourcecode.swift; path = "UIWidowSceneDelegate+AppCoordinator.swift"; sourceTree = "<group>"; };
		C17E948A2382AD9E007315DF /* PlaceCell.swift */ = {isa = PBXFileReference; lastKnownFileType = sourcecode.swift; path = PlaceCell.swift; sourceTree = "<group>"; };
		C17E948C2382AE1D007315DF /* UITableView+RegistrationHelpers.swift */ = {isa = PBXFileReference; fileEncoding = 4; lastKnownFileType = sourcecode.swift; path = "UITableView+RegistrationHelpers.swift"; sourceTree = "<group>"; };
		C17E948E2382AE44007315DF /* NibNameIdentifiable.swift */ = {isa = PBXFileReference; fileEncoding = 4; lastKnownFileType = sourcecode.swift; path = NibNameIdentifiable.swift; sourceTree = "<group>"; };
		C17E94922382AFC8007315DF /* DatabaseError.swift */ = {isa = PBXFileReference; lastKnownFileType = sourcecode.swift; path = DatabaseError.swift; sourceTree = "<group>"; };
		C17E94942382B0AC007315DF /* JSONDecoder+Firebase.swift */ = {isa = PBXFileReference; lastKnownFileType = sourcecode.swift; path = "JSONDecoder+Firebase.swift"; sourceTree = "<group>"; };
		C192743B23705C5100A81743 /* UIViewController+ConvenienceInit.swift */ = {isa = PBXFileReference; lastKnownFileType = sourcecode.swift; path = "UIViewController+ConvenienceInit.swift"; sourceTree = "<group>"; };
		C19CCAA8236ADF920011B111 /* PlacesViewController.swift */ = {isa = PBXFileReference; lastKnownFileType = sourcecode.swift; path = PlacesViewController.swift; sourceTree = "<group>"; };
		C19CCAAB236AEB8B0011B111 /* GoulashClub.entitlements */ = {isa = PBXFileReference; lastKnownFileType = text.plist.entitlements; path = GoulashClub.entitlements; sourceTree = "<group>"; };
		C1C84015237F1048001D6340 /* DatabaseManaging.swift */ = {isa = PBXFileReference; lastKnownFileType = sourcecode.swift; path = DatabaseManaging.swift; sourceTree = "<group>"; };
		C1C84017237F1068001D6340 /* DatabaseListener.swift */ = {isa = PBXFileReference; lastKnownFileType = sourcecode.swift; path = DatabaseListener.swift; sourceTree = "<group>"; };
		C1EEBD4D237070D0002E31DF /* Constants.swift */ = {isa = PBXFileReference; lastKnownFileType = sourcecode.swift; path = Constants.swift; sourceTree = "<group>"; };
		C1EEBD51237071DD002E31DF /* GoulashSplitViewController.swift */ = {isa = PBXFileReference; lastKnownFileType = sourcecode.swift; path = GoulashSplitViewController.swift; sourceTree = "<group>"; };
		C1EEBD53237071FE002E31DF /* GoulashNavigationController.swift */ = {isa = PBXFileReference; lastKnownFileType = sourcecode.swift; path = GoulashNavigationController.swift; sourceTree = "<group>"; };
		C1EEBD5523707235002E31DF /* DetailViewController.swift */ = {isa = PBXFileReference; lastKnownFileType = sourcecode.swift; path = DetailViewController.swift; sourceTree = "<group>"; };
		C1EEBD57237075E2002E31DF /* UIView+Layout.swift */ = {isa = PBXFileReference; lastKnownFileType = sourcecode.swift; path = "UIView+Layout.swift"; sourceTree = "<group>"; };
		C1EEBD5A23707628002E31DF /* LayoutSpecifier.swift */ = {isa = PBXFileReference; lastKnownFileType = sourcecode.swift; path = LayoutSpecifier.swift; sourceTree = "<group>"; };
		C1EEBD5D23707B70002E31DF /* AppCoordinator.swift */ = {isa = PBXFileReference; lastKnownFileType = sourcecode.swift; path = AppCoordinator.swift; sourceTree = "<group>"; };
		CA18A9FC516678ABA0360287 /* Pods-GoulashClub.release.xcconfig */ = {isa = PBXFileReference; includeInIndex = 1; lastKnownFileType = text.xcconfig; name = "Pods-GoulashClub.release.xcconfig"; path = "Target Support Files/Pods-GoulashClub/Pods-GoulashClub.release.xcconfig"; sourceTree = "<group>"; };
/* End PBXFileReference section */

/* Begin PBXFrameworksBuildPhase section */
		C1178811236ADC24005FC9C0 /* Frameworks */ = {
			isa = PBXFrameworksBuildPhase;
			buildActionMask = 2147483647;
			files = (
				7B85A090BAF1AB7430ECD5F1 /* Pods_GoulashClub.framework in Frameworks */,
			);
			runOnlyForDeploymentPostprocessing = 0;
		};
/* End PBXFrameworksBuildPhase section */

/* Begin PBXGroup section */
		1129E92486C9B1D3285F2E43 /* Pods */ = {
			isa = PBXGroup;
			children = (
				8206A4DC65D60E0E1BF07076 /* Pods-GoulashClub.debug.xcconfig */,
				CA18A9FC516678ABA0360287 /* Pods-GoulashClub.release.xcconfig */,
			);
			path = Pods;
			sourceTree = "<group>";
		};
		ADD7CFC1238D8EF0003C0A80 /* Activities */ = {
			isa = PBXGroup;
			children = (
				ADD7CFC2238D8F20003C0A80 /* DetailSceneActivity.swift */,
				ADD7CFC4238D93A9003C0A80 /* DefaultSceneActivity.swift */,
			);
			path = Activities;
			sourceTree = "<group>";
		};
		ADEDE5E323B11735001C8238 /* Fonts */ = {
			isa = PBXGroup;
			children = (
				ADEDE5E423B11782001C8238 /* SFProDisplay-Bold.ttf */,
				ADEDE5E523B11785001C8238 /* SFProDisplay-Regular.ttf */,
				ADEDE5E923B1178B001C8238 /* SFProDisplay-Semibold.ttf */,
			);
			path = Fonts;
			sourceTree = "<group>";
		};
		ADEEF59A239A560300FDE7FA /* ShortcutItems */ = {
			isa = PBXGroup;
			children = (
				ADEEF59B239A561F00FDE7FA /* DetailShortcutItem.swift */,
			);
			path = ShortcutItems;
			sourceTree = "<group>";
		};
		AF592909AF22E0BA6811FF94 /* Frameworks */ = {
			isa = PBXGroup;
			children = (
				3814C23BFA578661915EAC53 /* Pods_GoulashClub.framework */,
			);
			name = Frameworks;
			sourceTree = "<group>";
		};
		C117880B236ADC24005FC9C0 = {
			isa = PBXGroup;
			children = (
				C1178816236ADC24005FC9C0 /* GoulashClub */,
				C1178815236ADC24005FC9C0 /* Products */,
				1129E92486C9B1D3285F2E43 /* Pods */,
				AF592909AF22E0BA6811FF94 /* Frameworks */,
			);
			sourceTree = "<group>";
		};
		C1178815236ADC24005FC9C0 /* Products */ = {
			isa = PBXGroup;
			children = (
				C1178814236ADC24005FC9C0 /* GoulashClub.app */,
			);
			name = Products;
			sourceTree = "<group>";
		};
		C1178816236ADC24005FC9C0 /* GoulashClub */ = {
			isa = PBXGroup;
			children = (
				C17E947E2382A435007315DF /* DependencyInjection */,
				C133369E2372EA8D00CD5247 /* Models */,
				C1EEBD5C23707B5F002E31DF /* Coordinators */,
				C192743923705C2E00A81743 /* Utils */,
				C117882E236ADD9A005FC9C0 /* Views */,
				C117882B236ADC9D005FC9C0 /* Scenes */,
				C19CCAAA236AE9BC0011B111 /* Resources */,
				C117882D236ADD78005FC9C0 /* SupportingFiles */,
				C1178817236ADC24005FC9C0 /* AppDelegate.swift */,
				C1178819236ADC24005FC9C0 /* DefaultSceneDelegate.swift */,
				AD9FF3552386BB58007E1448 /* DetailSceneDelegate.swift */,
			);
			path = GoulashClub;
			sourceTree = "<group>";
		};
		C117882B236ADC9D005FC9C0 /* Scenes */ = {
			isa = PBXGroup;
			children = (
				C1EEBD4F237071B9002E31DF /* Detail */,
				C117882C236ADCB1005FC9C0 /* Places */,
				C1EEBD50237071C1002E31DF /* Shared */,
			);
			path = Scenes;
			sourceTree = "<group>";
		};
		C117882C236ADCB1005FC9C0 /* Places */ = {
			isa = PBXGroup;
			children = (
				C19CCAA8236ADF920011B111 /* PlacesViewController.swift */,
				C17E94852382A87C007315DF /* PlacesViewModel.swift */,
			);
			path = Places;
			sourceTree = "<group>";
		};
		C117882D236ADD78005FC9C0 /* SupportingFiles */ = {
			isa = PBXGroup;
			children = (
				C13336932371EEDB00CD5247 /* GoogleService */,
				C19CCAAB236AEB8B0011B111 /* GoulashClub.entitlements */,
				C1178825236ADC28005FC9C0 /* Info.plist */,
			);
			path = SupportingFiles;
			sourceTree = "<group>";
		};
		C117882E236ADD9A005FC9C0 /* Views */ = {
			isa = PBXGroup;
			children = (
				C17E94892382AD8B007315DF /* Places */,
				C117882F236ADDA1005FC9C0 /* LaunchScreen */,
			);
			path = Views;
			sourceTree = "<group>";
		};
		C117882F236ADDA1005FC9C0 /* LaunchScreen */ = {
			isa = PBXGroup;
			children = (
				C1178832236ADE9B005FC9C0 /* LaunchScreen.storyboard */,
			);
			path = LaunchScreen;
			sourceTree = "<group>";
		};
		C13336932371EEDB00CD5247 /* GoogleService */ = {
			isa = PBXGroup;
			children = (
				C13336942371EEF200CD5247 /* GoogleService-iOS.plist */,
				C13336962371EEFC00CD5247 /* GoogleService-Mac.plist */,
			);
			path = GoogleService;
			sourceTree = "<group>";
		};
		C133369B2372E9F900CD5247 /* Manag */ = {
			isa = PBXGroup;
			children = (
				C133369C2372EA1100CD5247 /* FirebaseManager.swift */,
				C13336A12372EB0400CD5247 /* DataStatus.swift */,
				ADEDE5F223BA078E001C8238 /* StorageManager.swift */,
			);
			path = Manag;
			sourceTree = "<group>";
		};
		C133369E2372EA8D00CD5247 /* Models */ = {
			isa = PBXGroup;
			children = (
				C133369F2372EA9900CD5247 /* Place.swift */,
				C17E94922382AFC8007315DF /* DatabaseError.swift */,
			);
			path = Models;
			sourceTree = "<group>";
		};
		C17E947B23829052007315DF /* Helpers */ = {
			isa = PBXGroup;
			children = (
				C17E947C23829065007315DF /* WRO.swift */,
			);
			path = Helpers;
			sourceTree = "<group>";
		};
		C17E947E2382A435007315DF /* DependencyInjection */ = {
			isa = PBXGroup;
			children = (
				C17E947F2382A44B007315DF /* AppDependency.swift */,
				C17E94812382A483007315DF /* AppDependencable.swift */,
			);
			path = DependencyInjection;
			sourceTree = "<group>";
		};
		C17E94892382AD8B007315DF /* Places */ = {
			isa = PBXGroup;
			children = (
				C17E948A2382AD9E007315DF /* PlaceCell.swift */,
			);
			path = Places;
			sourceTree = "<group>";
		};
		C192743923705C2E00A81743 /* Utils */ = {
			isa = PBXGroup;
			children = (
				ADEEF59A239A560300FDE7FA /* ShortcutItems */,
				ADD7CFC1238D8EF0003C0A80 /* Activities */,
				C17E947B23829052007315DF /* Helpers */,
				C133369B2372E9F900CD5247 /* Manag */,
				C1EEBD4C237070A9002E31DF /* Configs */,
				C192743A23705C3500A81743 /* Extensions */,
				C1EEBD5923707613002E31DF /* Protocols */,
			);
			path = Utils;
			sourceTree = "<group>";
		};
		C192743A23705C3500A81743 /* Extensions */ = {
			isa = PBXGroup;
			children = (
				C17E948E2382AE44007315DF /* NibNameIdentifiable.swift */,
				C17E948C2382AE1D007315DF /* UITableView+RegistrationHelpers.swift */,
				C192743B23705C5100A81743 /* UIViewController+ConvenienceInit.swift */,
				C1EEBD57237075E2002E31DF /* UIView+Layout.swift */,
				C17E94872382AA10007315DF /* UIWidowSceneDelegate+AppCoordinator.swift */,
				C17E94942382B0AC007315DF /* JSONDecoder+Firebase.swift */,
				ADD7CFBD2386FB49003C0A80 /* NSUserActivitySet+Scenes.swift */,
				ADA6EDA9239A57D9005BB9AA /* UIApplicationShortcutItem+Convenience.swift */,
				ADEDE5DF23B1171E001C8238 /* UIColor+AppColors.swift */,
				ADEDE5E123B1172C001C8238 /* UIFont+AppFonts.swift */,
				ADEDE5F023BA0711001C8238 /* UIImageView+FirebaseImage.swift */,
				ADEDE5F423BA0E89001C8238 /* UIImage+AppImages.swift */,
			);
			path = Extensions;
			sourceTree = "<group>";
		};
		C19CCAAA236AE9BC0011B111 /* Resources */ = {
			isa = PBXGroup;
			children = (
				ADEDE5E323B11735001C8238 /* Fonts */,
				C1178820236ADC28005FC9C0 /* Assets.xcassets */,
			);
			path = Resources;
			sourceTree = "<group>";
		};
		C1EEBD4C237070A9002E31DF /* Configs */ = {
			isa = PBXGroup;
			children = (
				C1EEBD4D237070D0002E31DF /* Constants.swift */,
			);
			path = Configs;
			sourceTree = "<group>";
		};
		C1EEBD4F237071B9002E31DF /* Detail */ = {
			isa = PBXGroup;
			children = (
				C1EEBD5523707235002E31DF /* DetailViewController.swift */,
				AD598BEB23845A3B00762123 /* DetailViewModel.swift */,
			);
			path = Detail;
			sourceTree = "<group>";
		};
		C1EEBD50237071C1002E31DF /* Shared */ = {
			isa = PBXGroup;
			children = (
				C1EEBD51237071DD002E31DF /* GoulashSplitViewController.swift */,
				C1EEBD53237071FE002E31DF /* GoulashNavigationController.swift */,
			);
			path = Shared;
			sourceTree = "<group>";
		};
		C1EEBD5923707613002E31DF /* Protocols */ = {
			isa = PBXGroup;
			children = (
				C1EEBD5A23707628002E31DF /* LayoutSpecifier.swift */,
				C1C84015237F1048001D6340 /* DatabaseManaging.swift */,
				C1C84017237F1068001D6340 /* DatabaseListener.swift */,
				C17E94832382A5E7007315DF /* Coordinating.swift */,
				ADD7CFBF238D8E17003C0A80 /* Restorable.swift */,
			);
			path = Protocols;
			sourceTree = "<group>";
		};
		C1EEBD5C23707B5F002E31DF /* Coordinators */ = {
			isa = PBXGroup;
			children = (
				C1EEBD5D23707B70002E31DF /* AppCoordinator.swift */,
				C133368E23716B7200CD5247 /* DefaultCoordinator.swift */,
				AD9FF3572386BB97007E1448 /* DetailCoordinator.swift */,
				AD9FF3592386BC08007E1448 /* ListCoordinator.swift */,
			);
			path = Coordinators;
			sourceTree = "<group>";
		};
/* End PBXGroup section */

/* Begin PBXNativeTarget section */
		C1178813236ADC24005FC9C0 /* GoulashClub */ = {
			isa = PBXNativeTarget;
			buildConfigurationList = C1178828236ADC28005FC9C0 /* Build configuration list for PBXNativeTarget "GoulashClub" */;
			buildPhases = (
				700FBC7F33EF11919153D6F3 /* [CP] Check Pods Manifest.lock */,
				C1178810236ADC24005FC9C0 /* Sources */,
				C1178811236ADC24005FC9C0 /* Frameworks */,
				C1178812236ADC24005FC9C0 /* Resources */,
				C13336902371EA2000CD5247 /* SwiftLint */,
				BE4E7F5D60EF8C4F63529295 /* [CP] Embed Pods Frameworks */,
			);
			buildRules = (
			);
			dependencies = (
			);
			name = GoulashClub;
			productName = GoulashClub;
			productReference = C1178814236ADC24005FC9C0 /* GoulashClub.app */;
			productType = "com.apple.product-type.application";
		};
/* End PBXNativeTarget section */

/* Begin PBXProject section */
		C117880C236ADC24005FC9C0 /* Project object */ = {
			isa = PBXProject;
			attributes = {
				LastSwiftUpdateCheck = 1110;
				LastUpgradeCheck = 1110;
				ORGANIZATIONNAME = "Jan Schwarz";
				TargetAttributes = {
					C1178813236ADC24005FC9C0 = {
						CreatedOnToolsVersion = 11.1;
					};
				};
			};
			buildConfigurationList = C117880F236ADC24005FC9C0 /* Build configuration list for PBXProject "GoulashClub" */;
			compatibilityVersion = "Xcode 9.3";
			developmentRegion = en;
			hasScannedForEncodings = 0;
			knownRegions = (
				en,
			);
			mainGroup = C117880B236ADC24005FC9C0;
			productRefGroup = C1178815236ADC24005FC9C0 /* Products */;
			projectDirPath = "";
			projectRoot = "";
			targets = (
				C1178813236ADC24005FC9C0 /* GoulashClub */,
			);
		};
/* End PBXProject section */

/* Begin PBXResourcesBuildPhase section */
		C1178812236ADC24005FC9C0 /* Resources */ = {
			isa = PBXResourcesBuildPhase;
			buildActionMask = 2147483647;
			files = (
				C13336972371EEFC00CD5247 /* GoogleService-Mac.plist in Resources */,
				C1178833236ADE9B005FC9C0 /* LaunchScreen.storyboard in Resources */,
				ADEDE5EF23B1178B001C8238 /* SFProDisplay-Semibold.ttf in Resources */,
				ADEDE5EA23B1178B001C8238 /* SFProDisplay-Bold.ttf in Resources */,
				ADEDE5EB23B1178B001C8238 /* SFProDisplay-Regular.ttf in Resources */,
				C13336952371EEF200CD5247 /* GoogleService-iOS.plist in Resources */,
				C1178821236ADC28005FC9C0 /* Assets.xcassets in Resources */,
			);
			runOnlyForDeploymentPostprocessing = 0;
		};
/* End PBXResourcesBuildPhase section */

/* Begin PBXShellScriptBuildPhase section */
		700FBC7F33EF11919153D6F3 /* [CP] Check Pods Manifest.lock */ = {
			isa = PBXShellScriptBuildPhase;
			buildActionMask = 2147483647;
			files = (
			);
			inputFileListPaths = (
			);
			inputPaths = (
				"${PODS_PODFILE_DIR_PATH}/Podfile.lock",
				"${PODS_ROOT}/Manifest.lock",
			);
			name = "[CP] Check Pods Manifest.lock";
			outputFileListPaths = (
			);
			outputPaths = (
				"$(DERIVED_FILE_DIR)/Pods-GoulashClub-checkManifestLockResult.txt",
			);
			runOnlyForDeploymentPostprocessing = 0;
			shellPath = /bin/sh;
			shellScript = "diff \"${PODS_PODFILE_DIR_PATH}/Podfile.lock\" \"${PODS_ROOT}/Manifest.lock\" > /dev/null\nif [ $? != 0 ] ; then\n    # print error to STDERR\n    echo \"error: The sandbox is not in sync with the Podfile.lock. Run 'pod install' or update your CocoaPods installation.\" >&2\n    exit 1\nfi\n# This output is used by Xcode 'outputs' to avoid re-running this script phase.\necho \"SUCCESS\" > \"${SCRIPT_OUTPUT_FILE_0}\"\n";
			showEnvVarsInLog = 0;
		};
		BE4E7F5D60EF8C4F63529295 /* [CP] Embed Pods Frameworks */ = {
			isa = PBXShellScriptBuildPhase;
			buildActionMask = 2147483647;
			files = (
			);
			inputFileListPaths = (
				"${PODS_ROOT}/Target Support Files/Pods-GoulashClub/Pods-GoulashClub-frameworks-${CONFIGURATION}-input-files.xcfilelist",
			);
			name = "[CP] Embed Pods Frameworks";
			outputFileListPaths = (
				"${PODS_ROOT}/Target Support Files/Pods-GoulashClub/Pods-GoulashClub-frameworks-${CONFIGURATION}-output-files.xcfilelist",
			);
			runOnlyForDeploymentPostprocessing = 0;
			shellPath = /bin/sh;
			shellScript = "\"${PODS_ROOT}/Target Support Files/Pods-GoulashClub/Pods-GoulashClub-frameworks.sh\"\n";
			showEnvVarsInLog = 0;
		};
		C13336902371EA2000CD5247 /* SwiftLint */ = {
			isa = PBXShellScriptBuildPhase;
			buildActionMask = 2147483647;
			files = (
			);
			inputFileListPaths = (
			);
			inputPaths = (
			);
			name = SwiftLint;
			outputFileListPaths = (
			);
			outputPaths = (
			);
			runOnlyForDeploymentPostprocessing = 0;
			shellPath = /bin/sh;
			shellScript = "\"${PODS_ROOT}/SwiftLint/swiftlint\"\n";
		};
/* End PBXShellScriptBuildPhase section */

/* Begin PBXSourcesBuildPhase section */
		C1178810236ADC24005FC9C0 /* Sources */ = {
			isa = PBXSourcesBuildPhase;
			buildActionMask = 2147483647;
			files = (
				C17E94822382A483007315DF /* AppDependencable.swift in Sources */,
				ADA6EDAA239A57D9005BB9AA /* UIApplicationShortcutItem+Convenience.swift in Sources */,
				C17E94842382A5E7007315DF /* Coordinating.swift in Sources */,
				ADEDE5F323BA078E001C8238 /* StorageManager.swift in Sources */,
				ADEDE5E223B1172C001C8238 /* UIFont+AppFonts.swift in Sources */,
				AD598BEC23845A3B00762123 /* DetailViewModel.swift in Sources */,
				C17E947D23829065007315DF /* WRO.swift in Sources */,
				ADEDE5E023B1171E001C8238 /* UIColor+AppColors.swift in Sources */,
				C133369D2372EA1100CD5247 /* FirebaseManager.swift in Sources */,
				AD9FF3562386BB58007E1448 /* DetailSceneDelegate.swift in Sources */,
				C1EEBD5E23707B70002E31DF /* AppCoordinator.swift in Sources */,
				C17E94932382AFC8007315DF /* DatabaseError.swift in Sources */,
				C133368F23716B7200CD5247 /* DefaultCoordinator.swift in Sources */,
				ADEDE5F523BA0E89001C8238 /* UIImage+AppImages.swift in Sources */,
				ADD7CFC5238D93A9003C0A80 /* DefaultSceneActivity.swift in Sources */,
				C17E94862382A87C007315DF /* PlacesViewModel.swift in Sources */,
				C1EEBD4E237070D0002E31DF /* Constants.swift in Sources */,
				C17E94802382A44B007315DF /* AppDependency.swift in Sources */,
				C19CCAA9236ADF920011B111 /* PlacesViewController.swift in Sources */,
				C13336A02372EA9900CD5247 /* Place.swift in Sources */,
				ADD7CFBE2386FB49003C0A80 /* NSUserActivitySet+Scenes.swift in Sources */,
				C1EEBD5B23707628002E31DF /* LayoutSpecifier.swift in Sources */,
				C17E94952382B0AC007315DF /* JSONDecoder+Firebase.swift in Sources */,
				AD9FF35A2386BC08007E1448 /* ListCoordinator.swift in Sources */,
				C17E94882382AA10007315DF /* UIWidowSceneDelegate+AppCoordinator.swift in Sources */,
				C1EEBD52237071DD002E31DF /* GoulashSplitViewController.swift in Sources */,
				C17E94902382AE45007315DF /* NibNameIdentifiable.swift in Sources */,
				C1C84016237F1048001D6340 /* DatabaseManaging.swift in Sources */,
				ADD7CFC0238D8E17003C0A80 /* Restorable.swift in Sources */,
				C1178818236ADC24005FC9C0 /* AppDelegate.swift in Sources */,
				C1C84018237F1068001D6340 /* DatabaseListener.swift in Sources */,
				C192743C23705C5100A81743 /* UIViewController+ConvenienceInit.swift in Sources */,
				AD9FF3582386BB97007E1448 /* DetailCoordinator.swift in Sources */,
				C1EEBD58237075E2002E31DF /* UIView+Layout.swift in Sources */,
				ADEEF59C239A561F00FDE7FA /* DetailShortcutItem.swift in Sources */,
				C1EEBD54237071FE002E31DF /* GoulashNavigationController.swift in Sources */,
				ADD7CFC3238D8F20003C0A80 /* DetailSceneActivity.swift in Sources */,
				C13336A22372EB0400CD5247 /* DataStatus.swift in Sources */,
				C17E948D2382AE1D007315DF /* UITableView+RegistrationHelpers.swift in Sources */,
				C117881A236ADC24005FC9C0 /* DefaultSceneDelegate.swift in Sources */,
				C1EEBD5623707235002E31DF /* DetailViewController.swift in Sources */,
				C17E948B2382AD9E007315DF /* PlaceCell.swift in Sources */,
				ADEDE5F123BA0711001C8238 /* UIImageView+FirebaseImage.swift in Sources */,
			);
			runOnlyForDeploymentPostprocessing = 0;
		};
/* End PBXSourcesBuildPhase section */

/* Begin XCBuildConfiguration section */
		C1178826236ADC28005FC9C0 /* Debug */ = {
			isa = XCBuildConfiguration;
			buildSettings = {
				ALWAYS_SEARCH_USER_PATHS = NO;
				CLANG_ANALYZER_NONNULL = YES;
				CLANG_ANALYZER_NUMBER_OBJECT_CONVERSION = YES_AGGRESSIVE;
				CLANG_CXX_LANGUAGE_STANDARD = "gnu++14";
				CLANG_CXX_LIBRARY = "libc++";
				CLANG_ENABLE_MODULES = YES;
				CLANG_ENABLE_OBJC_ARC = YES;
				CLANG_ENABLE_OBJC_WEAK = YES;
				CLANG_WARN_BLOCK_CAPTURE_AUTORELEASING = YES;
				CLANG_WARN_BOOL_CONVERSION = YES;
				CLANG_WARN_COMMA = YES;
				CLANG_WARN_CONSTANT_CONVERSION = YES;
				CLANG_WARN_DEPRECATED_OBJC_IMPLEMENTATIONS = YES;
				CLANG_WARN_DIRECT_OBJC_ISA_USAGE = YES_ERROR;
				CLANG_WARN_DOCUMENTATION_COMMENTS = YES;
				CLANG_WARN_EMPTY_BODY = YES;
				CLANG_WARN_ENUM_CONVERSION = YES;
				CLANG_WARN_INFINITE_RECURSION = YES;
				CLANG_WARN_INT_CONVERSION = YES;
				CLANG_WARN_NON_LITERAL_NULL_CONVERSION = YES;
				CLANG_WARN_OBJC_IMPLICIT_RETAIN_SELF = YES;
				CLANG_WARN_OBJC_LITERAL_CONVERSION = YES;
				CLANG_WARN_OBJC_ROOT_CLASS = YES_ERROR;
				CLANG_WARN_RANGE_LOOP_ANALYSIS = YES;
				CLANG_WARN_STRICT_PROTOTYPES = YES;
				CLANG_WARN_SUSPICIOUS_MOVE = YES;
				CLANG_WARN_UNGUARDED_AVAILABILITY = YES_AGGRESSIVE;
				CLANG_WARN_UNREACHABLE_CODE = YES;
				CLANG_WARN__DUPLICATE_METHOD_MATCH = YES;
				COPY_PHASE_STRIP = NO;
				DEBUG_INFORMATION_FORMAT = dwarf;
				ENABLE_STRICT_OBJC_MSGSEND = YES;
				ENABLE_TESTABILITY = YES;
				GCC_C_LANGUAGE_STANDARD = gnu11;
				GCC_DYNAMIC_NO_PIC = NO;
				GCC_NO_COMMON_BLOCKS = YES;
				GCC_OPTIMIZATION_LEVEL = 0;
				GCC_PREPROCESSOR_DEFINITIONS = (
					"DEBUG=1",
					"$(inherited)",
				);
				GCC_WARN_64_TO_32_BIT_CONVERSION = YES;
				GCC_WARN_ABOUT_RETURN_TYPE = YES_ERROR;
				GCC_WARN_UNDECLARED_SELECTOR = YES;
				GCC_WARN_UNINITIALIZED_AUTOS = YES_AGGRESSIVE;
				GCC_WARN_UNUSED_FUNCTION = YES;
				GCC_WARN_UNUSED_VARIABLE = YES;
				IPHONEOS_DEPLOYMENT_TARGET = 12.0;
				MTL_ENABLE_DEBUG_INFO = INCLUDE_SOURCE;
				MTL_FAST_MATH = YES;
				ONLY_ACTIVE_ARCH = YES;
				SDKROOT = iphoneos;
				SWIFT_ACTIVE_COMPILATION_CONDITIONS = DEBUG;
				SWIFT_OPTIMIZATION_LEVEL = "-Onone";
			};
			name = Debug;
		};
		C1178827236ADC28005FC9C0 /* Release */ = {
			isa = XCBuildConfiguration;
			buildSettings = {
				ALWAYS_SEARCH_USER_PATHS = NO;
				CLANG_ANALYZER_NONNULL = YES;
				CLANG_ANALYZER_NUMBER_OBJECT_CONVERSION = YES_AGGRESSIVE;
				CLANG_CXX_LANGUAGE_STANDARD = "gnu++14";
				CLANG_CXX_LIBRARY = "libc++";
				CLANG_ENABLE_MODULES = YES;
				CLANG_ENABLE_OBJC_ARC = YES;
				CLANG_ENABLE_OBJC_WEAK = YES;
				CLANG_WARN_BLOCK_CAPTURE_AUTORELEASING = YES;
				CLANG_WARN_BOOL_CONVERSION = YES;
				CLANG_WARN_COMMA = YES;
				CLANG_WARN_CONSTANT_CONVERSION = YES;
				CLANG_WARN_DEPRECATED_OBJC_IMPLEMENTATIONS = YES;
				CLANG_WARN_DIRECT_OBJC_ISA_USAGE = YES_ERROR;
				CLANG_WARN_DOCUMENTATION_COMMENTS = YES;
				CLANG_WARN_EMPTY_BODY = YES;
				CLANG_WARN_ENUM_CONVERSION = YES;
				CLANG_WARN_INFINITE_RECURSION = YES;
				CLANG_WARN_INT_CONVERSION = YES;
				CLANG_WARN_NON_LITERAL_NULL_CONVERSION = YES;
				CLANG_WARN_OBJC_IMPLICIT_RETAIN_SELF = YES;
				CLANG_WARN_OBJC_LITERAL_CONVERSION = YES;
				CLANG_WARN_OBJC_ROOT_CLASS = YES_ERROR;
				CLANG_WARN_RANGE_LOOP_ANALYSIS = YES;
				CLANG_WARN_STRICT_PROTOTYPES = YES;
				CLANG_WARN_SUSPICIOUS_MOVE = YES;
				CLANG_WARN_UNGUARDED_AVAILABILITY = YES_AGGRESSIVE;
				CLANG_WARN_UNREACHABLE_CODE = YES;
				CLANG_WARN__DUPLICATE_METHOD_MATCH = YES;
				COPY_PHASE_STRIP = NO;
				DEBUG_INFORMATION_FORMAT = "dwarf-with-dsym";
				ENABLE_NS_ASSERTIONS = NO;
				ENABLE_STRICT_OBJC_MSGSEND = YES;
				GCC_C_LANGUAGE_STANDARD = gnu11;
				GCC_NO_COMMON_BLOCKS = YES;
				GCC_WARN_64_TO_32_BIT_CONVERSION = YES;
				GCC_WARN_ABOUT_RETURN_TYPE = YES_ERROR;
				GCC_WARN_UNDECLARED_SELECTOR = YES;
				GCC_WARN_UNINITIALIZED_AUTOS = YES_AGGRESSIVE;
				GCC_WARN_UNUSED_FUNCTION = YES;
				GCC_WARN_UNUSED_VARIABLE = YES;
				IPHONEOS_DEPLOYMENT_TARGET = 12.0;
				MTL_ENABLE_DEBUG_INFO = NO;
				MTL_FAST_MATH = YES;
				SDKROOT = iphoneos;
				SWIFT_COMPILATION_MODE = wholemodule;
				SWIFT_OPTIMIZATION_LEVEL = "-O";
				VALIDATE_PRODUCT = YES;
			};
			name = Release;
		};
		C1178829236ADC28005FC9C0 /* Debug */ = {
			isa = XCBuildConfiguration;
			baseConfigurationReference = 8206A4DC65D60E0E1BF07076 /* Pods-GoulashClub.debug.xcconfig */;
			buildSettings = {
				ASSETCATALOG_COMPILER_APPICON_NAME = AppIcon;
				CODE_SIGN_ENTITLEMENTS = GoulashClub/SupportingFiles/GoulashClub.entitlements;
				"CODE_SIGN_IDENTITY[sdk=macosx*]" = "Apple Development";
				CODE_SIGN_STYLE = Automatic;
				DERIVE_MACCATALYST_PRODUCT_BUNDLE_IDENTIFIER = YES;
				DEVELOPMENT_TEAM = AV29J8RAE8;
				INFOPLIST_FILE = GoulashClub/SupportingFiles/Info.plist;
				IPHONEOS_DEPLOYMENT_TARGET = 12.0;
				LD_RUNPATH_SEARCH_PATHS = (
					"$(inherited)",
					"@executable_path/Frameworks",
				);
				PRODUCT_BUNDLE_IDENTIFIER = com.schwarja.research.GoulashClub;
				PRODUCT_NAME = "$(TARGET_NAME)";
				SUPPORTS_MACCATALYST = YES;
				SWIFT_VERSION = 5.0;
				TARGETED_DEVICE_FAMILY = "1,2";
			};
			name = Debug;
		};
		C117882A236ADC28005FC9C0 /* Release */ = {
			isa = XCBuildConfiguration;
			baseConfigurationReference = CA18A9FC516678ABA0360287 /* Pods-GoulashClub.release.xcconfig */;
			buildSettings = {
				ASSETCATALOG_COMPILER_APPICON_NAME = AppIcon;
				CODE_SIGN_ENTITLEMENTS = GoulashClub/SupportingFiles/GoulashClub.entitlements;
				"CODE_SIGN_IDENTITY[sdk=macosx*]" = "Apple Development";
				CODE_SIGN_STYLE = Automatic;
				DERIVE_MACCATALYST_PRODUCT_BUNDLE_IDENTIFIER = YES;
				DEVELOPMENT_TEAM = AV29J8RAE8;
				INFOPLIST_FILE = GoulashClub/SupportingFiles/Info.plist;
				IPHONEOS_DEPLOYMENT_TARGET = 12.0;
				LD_RUNPATH_SEARCH_PATHS = (
					"$(inherited)",
					"@executable_path/Frameworks",
				);
				PRODUCT_BUNDLE_IDENTIFIER = com.schwarja.research.GoulashClub;
				PRODUCT_NAME = "$(TARGET_NAME)";
				SUPPORTS_MACCATALYST = YES;
				SWIFT_VERSION = 5.0;
				TARGETED_DEVICE_FAMILY = "1,2";
			};
			name = Release;
		};
/* End XCBuildConfiguration section */

/* Begin XCConfigurationList section */
		C117880F236ADC24005FC9C0 /* Build configuration list for PBXProject "GoulashClub" */ = {
			isa = XCConfigurationList;
			buildConfigurations = (
				C1178826236ADC28005FC9C0 /* Debug */,
				C1178827236ADC28005FC9C0 /* Release */,
			);
			defaultConfigurationIsVisible = 0;
			defaultConfigurationName = Release;
		};
		C1178828236ADC28005FC9C0 /* Build configuration list for PBXNativeTarget "GoulashClub" */ = {
			isa = XCConfigurationList;
			buildConfigurations = (
				C1178829236ADC28005FC9C0 /* Debug */,
				C117882A236ADC28005FC9C0 /* Release */,
			);
			defaultConfigurationIsVisible = 0;
			defaultConfigurationName = Release;
		};
/* End XCConfigurationList section */
	};
	rootObject = C117880C236ADC24005FC9C0 /* Project object */;
}
