// !$*UTF8*$!
{
	archiveVersion = 1;
	classes = {
	};
	objectVersion = 50;
	objects = {

/* Begin PBXBuildFile section */
		C1178818236ADC24005FC9C0 /* AppDelegate.swift in Sources */ = {isa = PBXBuildFile; fileRef = C1178817236ADC24005FC9C0 /* AppDelegate.swift */; };
		C117881A236ADC24005FC9C0 /* DefaultSceneDelegate.swift in Sources */ = {isa = PBXBuildFile; fileRef = C1178819236ADC24005FC9C0 /* DefaultSceneDelegate.swift */; };
		C1178821236ADC28005FC9C0 /* Assets.xcassets in Resources */ = {isa = PBXBuildFile; fileRef = C1178820236ADC28005FC9C0 /* Assets.xcassets */; };
		C1178833236ADE9B005FC9C0 /* LaunchScreen.storyboard in Resources */ = {isa = PBXBuildFile; fileRef = C1178832236ADE9B005FC9C0 /* LaunchScreen.storyboard */; };
		C133368F23716B7200CD5247 /* DefaultCoordinator.swift in Sources */ = {isa = PBXBuildFile; fileRef = C133368E23716B7200CD5247 /* DefaultCoordinator.swift */; };
		C192743C23705C5100A81743 /* UIViewController+ConvenienceInit.swift in Sources */ = {isa = PBXBuildFile; fileRef = C192743B23705C5100A81743 /* UIViewController+ConvenienceInit.swift */; };
		C19CCAA9236ADF920011B111 /* PlacesViewController.swift in Sources */ = {isa = PBXBuildFile; fileRef = C19CCAA8236ADF920011B111 /* PlacesViewController.swift */; };
		C1EEBD4E237070D0002E31DF /* Constants.swift in Sources */ = {isa = PBXBuildFile; fileRef = C1EEBD4D237070D0002E31DF /* Constants.swift */; };
		C1EEBD52237071DD002E31DF /* GoulashSplitViewController.swift in Sources */ = {isa = PBXBuildFile; fileRef = C1EEBD51237071DD002E31DF /* GoulashSplitViewController.swift */; };
		C1EEBD54237071FE002E31DF /* GoulashNavigationController.swift in Sources */ = {isa = PBXBuildFile; fileRef = C1EEBD53237071FE002E31DF /* GoulashNavigationController.swift */; };
		C1EEBD5623707235002E31DF /* DetailViewController.swift in Sources */ = {isa = PBXBuildFile; fileRef = C1EEBD5523707235002E31DF /* DetailViewController.swift */; };
		C1EEBD58237075E2002E31DF /* UIView+Layout.swift in Sources */ = {isa = PBXBuildFile; fileRef = C1EEBD57237075E2002E31DF /* UIView+Layout.swift */; };
		C1EEBD5B23707628002E31DF /* LayoutSpecifier.swift in Sources */ = {isa = PBXBuildFile; fileRef = C1EEBD5A23707628002E31DF /* LayoutSpecifier.swift */; };
		C1EEBD5E23707B70002E31DF /* AppCoordinator.swift in Sources */ = {isa = PBXBuildFile; fileRef = C1EEBD5D23707B70002E31DF /* AppCoordinator.swift */; };
/* End PBXBuildFile section */

/* Begin PBXFileReference section */
		C1178814236ADC24005FC9C0 /* GoulashClub.app */ = {isa = PBXFileReference; explicitFileType = wrapper.application; includeInIndex = 0; path = GoulashClub.app; sourceTree = BUILT_PRODUCTS_DIR; };
		C1178817236ADC24005FC9C0 /* AppDelegate.swift */ = {isa = PBXFileReference; lastKnownFileType = sourcecode.swift; path = AppDelegate.swift; sourceTree = "<group>"; };
		C1178819236ADC24005FC9C0 /* DefaultSceneDelegate.swift */ = {isa = PBXFileReference; lastKnownFileType = sourcecode.swift; path = DefaultSceneDelegate.swift; sourceTree = "<group>"; };
		C1178820236ADC28005FC9C0 /* Assets.xcassets */ = {isa = PBXFileReference; lastKnownFileType = folder.assetcatalog; path = Assets.xcassets; sourceTree = "<group>"; };
		C1178825236ADC28005FC9C0 /* Info.plist */ = {isa = PBXFileReference; lastKnownFileType = text.plist.xml; path = Info.plist; sourceTree = "<group>"; };
		C1178832236ADE9B005FC9C0 /* LaunchScreen.storyboard */ = {isa = PBXFileReference; fileEncoding = 4; lastKnownFileType = file.storyboard; path = LaunchScreen.storyboard; sourceTree = "<group>"; };
		C133368E23716B7200CD5247 /* DefaultCoordinator.swift */ = {isa = PBXFileReference; lastKnownFileType = sourcecode.swift; path = DefaultCoordinator.swift; sourceTree = "<group>"; };
		C192743B23705C5100A81743 /* UIViewController+ConvenienceInit.swift */ = {isa = PBXFileReference; lastKnownFileType = sourcecode.swift; path = "UIViewController+ConvenienceInit.swift"; sourceTree = "<group>"; };
		C19CCAA8236ADF920011B111 /* PlacesViewController.swift */ = {isa = PBXFileReference; lastKnownFileType = sourcecode.swift; path = PlacesViewController.swift; sourceTree = "<group>"; };
		C19CCAAB236AEB8B0011B111 /* GoulashClub.entitlements */ = {isa = PBXFileReference; lastKnownFileType = text.plist.entitlements; path = GoulashClub.entitlements; sourceTree = "<group>"; };
		C1EEBD4D237070D0002E31DF /* Constants.swift */ = {isa = PBXFileReference; lastKnownFileType = sourcecode.swift; path = Constants.swift; sourceTree = "<group>"; };
		C1EEBD51237071DD002E31DF /* GoulashSplitViewController.swift */ = {isa = PBXFileReference; lastKnownFileType = sourcecode.swift; path = GoulashSplitViewController.swift; sourceTree = "<group>"; };
		C1EEBD53237071FE002E31DF /* GoulashNavigationController.swift */ = {isa = PBXFileReference; lastKnownFileType = sourcecode.swift; path = GoulashNavigationController.swift; sourceTree = "<group>"; };
		C1EEBD5523707235002E31DF /* DetailViewController.swift */ = {isa = PBXFileReference; lastKnownFileType = sourcecode.swift; path = DetailViewController.swift; sourceTree = "<group>"; };
		C1EEBD57237075E2002E31DF /* UIView+Layout.swift */ = {isa = PBXFileReference; lastKnownFileType = sourcecode.swift; path = "UIView+Layout.swift"; sourceTree = "<group>"; };
		C1EEBD5A23707628002E31DF /* LayoutSpecifier.swift */ = {isa = PBXFileReference; lastKnownFileType = sourcecode.swift; path = LayoutSpecifier.swift; sourceTree = "<group>"; };
		C1EEBD5D23707B70002E31DF /* AppCoordinator.swift */ = {isa = PBXFileReference; lastKnownFileType = sourcecode.swift; path = AppCoordinator.swift; sourceTree = "<group>"; };
/* End PBXFileReference section */

/* Begin PBXFrameworksBuildPhase section */
		C1178811236ADC24005FC9C0 /* Frameworks */ = {
			isa = PBXFrameworksBuildPhase;
			buildActionMask = 2147483647;
			files = (
			);
			runOnlyForDeploymentPostprocessing = 0;
		};
/* End PBXFrameworksBuildPhase section */

/* Begin PBXGroup section */
		C117880B236ADC24005FC9C0 = {
			isa = PBXGroup;
			children = (
				C1178816236ADC24005FC9C0 /* GoulashClub */,
				C1178815236ADC24005FC9C0 /* Products */,
			);
			sourceTree = "<group>";
		};
		C1178815236ADC24005FC9C0 /* Products */ = {
			isa = PBXGroup;
			children = (
				C1178814236ADC24005FC9C0 /* GoulashClub.app */,
			);
			name = Products;
			sourceTree = "<group>";
		};
		C1178816236ADC24005FC9C0 /* GoulashClub */ = {
			isa = PBXGroup;
			children = (
				C1EEBD5C23707B5F002E31DF /* Coordinators */,
				C192743923705C2E00A81743 /* Utils */,
				C117882E236ADD9A005FC9C0 /* Views */,
				C117882B236ADC9D005FC9C0 /* Scenes */,
				C19CCAAA236AE9BC0011B111 /* Resources */,
				C117882D236ADD78005FC9C0 /* SupportingFiles */,
				C1178817236ADC24005FC9C0 /* AppDelegate.swift */,
				C1178819236ADC24005FC9C0 /* DefaultSceneDelegate.swift */,
			);
			path = GoulashClub;
			sourceTree = "<group>";
		};
		C117882B236ADC9D005FC9C0 /* Scenes */ = {
			isa = PBXGroup;
			children = (
				C1EEBD4F237071B9002E31DF /* Detail */,
				C117882C236ADCB1005FC9C0 /* Places */,
				C1EEBD50237071C1002E31DF /* Shared */,
			);
			path = Scenes;
			sourceTree = "<group>";
		};
		C117882C236ADCB1005FC9C0 /* Places */ = {
			isa = PBXGroup;
			children = (
				C19CCAA8236ADF920011B111 /* PlacesViewController.swift */,
			);
			path = Places;
			sourceTree = "<group>";
		};
		C117882D236ADD78005FC9C0 /* SupportingFiles */ = {
			isa = PBXGroup;
			children = (
				C19CCAAB236AEB8B0011B111 /* GoulashClub.entitlements */,
				C1178825236ADC28005FC9C0 /* Info.plist */,
			);
			path = SupportingFiles;
			sourceTree = "<group>";
		};
		C117882E236ADD9A005FC9C0 /* Views */ = {
			isa = PBXGroup;
			children = (
				C117882F236ADDA1005FC9C0 /* LaunchScreen */,
			);
			path = Views;
			sourceTree = "<group>";
		};
		C117882F236ADDA1005FC9C0 /* LaunchScreen */ = {
			isa = PBXGroup;
			children = (
				C1178832236ADE9B005FC9C0 /* LaunchScreen.storyboard */,
			);
			path = LaunchScreen;
			sourceTree = "<group>";
		};
		C192743923705C2E00A81743 /* Utils */ = {
			isa = PBXGroup;
			children = (
				C1EEBD4C237070A9002E31DF /* Configs */,
				C192743A23705C3500A81743 /* Extensions */,
				C1EEBD5923707613002E31DF /* Protocols */,
			);
			path = Utils;
			sourceTree = "<group>";
		};
		C192743A23705C3500A81743 /* Extensions */ = {
			isa = PBXGroup;
			children = (
				C192743B23705C5100A81743 /* UIViewController+ConvenienceInit.swift */,
				C1EEBD57237075E2002E31DF /* UIView+Layout.swift */,
			);
			path = Extensions;
			sourceTree = "<group>";
		};
		C19CCAAA236AE9BC0011B111 /* Resources */ = {
			isa = PBXGroup;
			children = (
				C1178820236ADC28005FC9C0 /* Assets.xcassets */,
			);
			path = Resources;
			sourceTree = "<group>";
		};
		C1EEBD4C237070A9002E31DF /* Configs */ = {
			isa = PBXGroup;
			children = (
				C1EEBD4D237070D0002E31DF /* Constants.swift */,
			);
			path = Configs;
			sourceTree = "<group>";
		};
		C1EEBD4F237071B9002E31DF /* Detail */ = {
			isa = PBXGroup;
			children = (
				C1EEBD5523707235002E31DF /* DetailViewController.swift */,
			);
			path = Detail;
			sourceTree = "<group>";
		};
		C1EEBD50237071C1002E31DF /* Shared */ = {
			isa = PBXGroup;
			children = (
				C1EEBD51237071DD002E31DF /* GoulashSplitViewController.swift */,
				C1EEBD53237071FE002E31DF /* GoulashNavigationController.swift */,
			);
			path = Shared;
			sourceTree = "<group>";
		};
		C1EEBD5923707613002E31DF /* Protocols */ = {
			isa = PBXGroup;
			children = (
				C1EEBD5A23707628002E31DF /* LayoutSpecifier.swift */,
			);
			path = Protocols;
			sourceTree = "<group>";
		};
		C1EEBD5C23707B5F002E31DF /* Coordinators */ = {
			isa = PBXGroup;
			children = (
				C1EEBD5D23707B70002E31DF /* AppCoordinator.swift */,
				C133368E23716B7200CD5247 /* DefaultCoordinator.swift */,
			);
			path = Coordinators;
			sourceTree = "<group>";
		};
/* End PBXGroup section */

/* Begin PBXNativeTarget section */
		C1178813236ADC24005FC9C0 /* GoulashClub */ = {
			isa = PBXNativeTarget;
			buildConfigurationList = C1178828236ADC28005FC9C0 /* Build configuration list for PBXNativeTarget "GoulashClub" */;
			buildPhases = (
				C1178810236ADC24005FC9C0 /* Sources */,
				C1178811236ADC24005FC9C0 /* Frameworks */,
				C1178812236ADC24005FC9C0 /* Resources */,
			);
			buildRules = (
			);
			dependencies = (
			);
			name = GoulashClub;
			productName = GoulashClub;
			productReference = C1178814236ADC24005FC9C0 /* GoulashClub.app */;
			productType = "com.apple.product-type.application";
		};
/* End PBXNativeTarget section */

/* Begin PBXProject section */
		C117880C236ADC24005FC9C0 /* Project object */ = {
			isa = PBXProject;
			attributes = {
				LastSwiftUpdateCheck = 1110;
				LastUpgradeCheck = 1110;
				ORGANIZATIONNAME = "Jan Schwarz";
				TargetAttributes = {
					C1178813236ADC24005FC9C0 = {
						CreatedOnToolsVersion = 11.1;
					};
				};
			};
			buildConfigurationList = C117880F236ADC24005FC9C0 /* Build configuration list for PBXProject "GoulashClub" */;
			compatibilityVersion = "Xcode 9.3";
			developmentRegion = en;
			hasScannedForEncodings = 0;
			knownRegions = (
				en,
			);
			mainGroup = C117880B236ADC24005FC9C0;
			productRefGroup = C1178815236ADC24005FC9C0 /* Products */;
			projectDirPath = "";
			projectRoot = "";
			targets = (
				C1178813236ADC24005FC9C0 /* GoulashClub */,
			);
		};
/* End PBXProject section */

/* Begin PBXResourcesBuildPhase section */
		C1178812236ADC24005FC9C0 /* Resources */ = {
			isa = PBXResourcesBuildPhase;
			buildActionMask = 2147483647;
			files = (
				C1178833236ADE9B005FC9C0 /* LaunchScreen.storyboard in Resources */,
				C1178821236ADC28005FC9C0 /* Assets.xcassets in Resources */,
			);
			runOnlyForDeploymentPostprocessing = 0;
		};
/* End PBXResourcesBuildPhase section */

/* Begin PBXSourcesBuildPhase section */
		C1178810236ADC24005FC9C0 /* Sources */ = {
			isa = PBXSourcesBuildPhase;
			buildActionMask = 2147483647;
			files = (
				C1EEBD5E23707B70002E31DF /* AppCoordinator.swift in Sources */,
				C133368F23716B7200CD5247 /* DefaultCoordinator.swift in Sources */,
				C1EEBD4E237070D0002E31DF /* Constants.swift in Sources */,
				C19CCAA9236ADF920011B111 /* PlacesViewController.swift in Sources */,
				C1EEBD5B23707628002E31DF /* LayoutSpecifier.swift in Sources */,
				C1EEBD52237071DD002E31DF /* GoulashSplitViewController.swift in Sources */,
				C1178818236ADC24005FC9C0 /* AppDelegate.swift in Sources */,
				C192743C23705C5100A81743 /* UIViewController+ConvenienceInit.swift in Sources */,
				C1EEBD58237075E2002E31DF /* UIView+Layout.swift in Sources */,
				C1EEBD54237071FE002E31DF /* GoulashNavigationController.swift in Sources */,
				C117881A236ADC24005FC9C0 /* DefaultSceneDelegate.swift in Sources */,
				C1EEBD5623707235002E31DF /* DetailViewController.swift in Sources */,
			);
			runOnlyForDeploymentPostprocessing = 0;
		};
/* End PBXSourcesBuildPhase section */

/* Begin XCBuildConfiguration section */
		C1178826236ADC28005FC9C0 /* Debug */ = {
			isa = XCBuildConfiguration;
			buildSettings = {
				ALWAYS_SEARCH_USER_PATHS = NO;
				CLANG_ANALYZER_NONNULL = YES;
				CLANG_ANALYZER_NUMBER_OBJECT_CONVERSION = YES_AGGRESSIVE;
				CLANG_CXX_LANGUAGE_STANDARD = "gnu++14";
				CLANG_CXX_LIBRARY = "libc++";
				CLANG_ENABLE_MODULES = YES;
				CLANG_ENABLE_OBJC_ARC = YES;
				CLANG_ENABLE_OBJC_WEAK = YES;
				CLANG_WARN_BLOCK_CAPTURE_AUTORELEASING = YES;
				CLANG_WARN_BOOL_CONVERSION = YES;
				CLANG_WARN_COMMA = YES;
				CLANG_WARN_CONSTANT_CONVERSION = YES;
				CLANG_WARN_DEPRECATED_OBJC_IMPLEMENTATIONS = YES;
				CLANG_WARN_DIRECT_OBJC_ISA_USAGE = YES_ERROR;
				CLANG_WARN_DOCUMENTATION_COMMENTS = YES;
				CLANG_WARN_EMPTY_BODY = YES;
				CLANG_WARN_ENUM_CONVERSION = YES;
				CLANG_WARN_INFINITE_RECURSION = YES;
				CLANG_WARN_INT_CONVERSION = YES;
				CLANG_WARN_NON_LITERAL_NULL_CONVERSION = YES;
				CLANG_WARN_OBJC_IMPLICIT_RETAIN_SELF = YES;
				CLANG_WARN_OBJC_LITERAL_CONVERSION = YES;
				CLANG_WARN_OBJC_ROOT_CLASS = YES_ERROR;
				CLANG_WARN_RANGE_LOOP_ANALYSIS = YES;
				CLANG_WARN_STRICT_PROTOTYPES = YES;
				CLANG_WARN_SUSPICIOUS_MOVE = YES;
				CLANG_WARN_UNGUARDED_AVAILABILITY = YES_AGGRESSIVE;
				CLANG_WARN_UNREACHABLE_CODE = YES;
				CLANG_WARN__DUPLICATE_METHOD_MATCH = YES;
				COPY_PHASE_STRIP = NO;
				DEBUG_INFORMATION_FORMAT = dwarf;
				ENABLE_STRICT_OBJC_MSGSEND = YES;
				ENABLE_TESTABILITY = YES;
				GCC_C_LANGUAGE_STANDARD = gnu11;
				GCC_DYNAMIC_NO_PIC = NO;
				GCC_NO_COMMON_BLOCKS = YES;
				GCC_OPTIMIZATION_LEVEL = 0;
				GCC_PREPROCESSOR_DEFINITIONS = (
					"DEBUG=1",
					"$(inherited)",
				);
				GCC_WARN_64_TO_32_BIT_CONVERSION = YES;
				GCC_WARN_ABOUT_RETURN_TYPE = YES_ERROR;
				GCC_WARN_UNDECLARED_SELECTOR = YES;
				GCC_WARN_UNINITIALIZED_AUTOS = YES_AGGRESSIVE;
				GCC_WARN_UNUSED_FUNCTION = YES;
				GCC_WARN_UNUSED_VARIABLE = YES;
				IPHONEOS_DEPLOYMENT_TARGET = 12.0;
				MTL_ENABLE_DEBUG_INFO = INCLUDE_SOURCE;
				MTL_FAST_MATH = YES;
				ONLY_ACTIVE_ARCH = YES;
				SDKROOT = iphoneos;
				SWIFT_ACTIVE_COMPILATION_CONDITIONS = DEBUG;
				SWIFT_OPTIMIZATION_LEVEL = "-Onone";
			};
			name = Debug;
		};
		C1178827236ADC28005FC9C0 /* Release */ = {
			isa = XCBuildConfiguration;
			buildSettings = {
				ALWAYS_SEARCH_USER_PATHS = NO;
				CLANG_ANALYZER_NONNULL = YES;
				CLANG_ANALYZER_NUMBER_OBJECT_CONVERSION = YES_AGGRESSIVE;
				CLANG_CXX_LANGUAGE_STANDARD = "gnu++14";
				CLANG_CXX_LIBRARY = "libc++";
				CLANG_ENABLE_MODULES = YES;
				CLANG_ENABLE_OBJC_ARC = YES;
				CLANG_ENABLE_OBJC_WEAK = YES;
				CLANG_WARN_BLOCK_CAPTURE_AUTORELEASING = YES;
				CLANG_WARN_BOOL_CONVERSION = YES;
				CLANG_WARN_COMMA = YES;
				CLANG_WARN_CONSTANT_CONVERSION = YES;
				CLANG_WARN_DEPRECATED_OBJC_IMPLEMENTATIONS = YES;
				CLANG_WARN_DIRECT_OBJC_ISA_USAGE = YES_ERROR;
				CLANG_WARN_DOCUMENTATION_COMMENTS = YES;
				CLANG_WARN_EMPTY_BODY = YES;
				CLANG_WARN_ENUM_CONVERSION = YES;
				CLANG_WARN_INFINITE_RECURSION = YES;
				CLANG_WARN_INT_CONVERSION = YES;
				CLANG_WARN_NON_LITERAL_NULL_CONVERSION = YES;
				CLANG_WARN_OBJC_IMPLICIT_RETAIN_SELF = YES;
				CLANG_WARN_OBJC_LITERAL_CONVERSION = YES;
				CLANG_WARN_OBJC_ROOT_CLASS = YES_ERROR;
				CLANG_WARN_RANGE_LOOP_ANALYSIS = YES;
				CLANG_WARN_STRICT_PROTOTYPES = YES;
				CLANG_WARN_SUSPICIOUS_MOVE = YES;
				CLANG_WARN_UNGUARDED_AVAILABILITY = YES_AGGRESSIVE;
				CLANG_WARN_UNREACHABLE_CODE = YES;
				CLANG_WARN__DUPLICATE_METHOD_MATCH = YES;
				COPY_PHASE_STRIP = NO;
				DEBUG_INFORMATION_FORMAT = "dwarf-with-dsym";
				ENABLE_NS_ASSERTIONS = NO;
				ENABLE_STRICT_OBJC_MSGSEND = YES;
				GCC_C_LANGUAGE_STANDARD = gnu11;
				GCC_NO_COMMON_BLOCKS = YES;
				GCC_WARN_64_TO_32_BIT_CONVERSION = YES;
				GCC_WARN_ABOUT_RETURN_TYPE = YES_ERROR;
				GCC_WARN_UNDECLARED_SELECTOR = YES;
				GCC_WARN_UNINITIALIZED_AUTOS = YES_AGGRESSIVE;
				GCC_WARN_UNUSED_FUNCTION = YES;
				GCC_WARN_UNUSED_VARIABLE = YES;
				IPHONEOS_DEPLOYMENT_TARGET = 12.0;
				MTL_ENABLE_DEBUG_INFO = NO;
				MTL_FAST_MATH = YES;
				SDKROOT = iphoneos;
				SWIFT_COMPILATION_MODE = wholemodule;
				SWIFT_OPTIMIZATION_LEVEL = "-O";
				VALIDATE_PRODUCT = YES;
			};
			name = Release;
		};
		C1178829236ADC28005FC9C0 /* Debug */ = {
			isa = XCBuildConfiguration;
			buildSettings = {
				ASSETCATALOG_COMPILER_APPICON_NAME = AppIcon;
				CODE_SIGN_ENTITLEMENTS = GoulashClub/SupportingFiles/GoulashClub.entitlements;
				CODE_SIGN_STYLE = Automatic;
				DERIVE_MACCATALYST_PRODUCT_BUNDLE_IDENTIFIER = YES;
				DEVELOPMENT_TEAM = AV29J8RAE8;
				INFOPLIST_FILE = GoulashClub/SupportingFiles/Info.plist;
				IPHONEOS_DEPLOYMENT_TARGET = 12.0;
				LD_RUNPATH_SEARCH_PATHS = (
					"$(inherited)",
					"@executable_path/Frameworks",
				);
				PRODUCT_BUNDLE_IDENTIFIER = com.schwarja.research.GoulashClub;
				PRODUCT_NAME = "$(TARGET_NAME)";
				SUPPORTS_MACCATALYST = YES;
				SWIFT_VERSION = 5.0;
				TARGETED_DEVICE_FAMILY = "1,2";
			};
			name = Debug;
		};
		C117882A236ADC28005FC9C0 /* Release */ = {
			isa = XCBuildConfiguration;
			buildSettings = {
				ASSETCATALOG_COMPILER_APPICON_NAME = AppIcon;
				CODE_SIGN_ENTITLEMENTS = GoulashClub/SupportingFiles/GoulashClub.entitlements;
				CODE_SIGN_STYLE = Automatic;
				DERIVE_MACCATALYST_PRODUCT_BUNDLE_IDENTIFIER = YES;
				DEVELOPMENT_TEAM = AV29J8RAE8;
				INFOPLIST_FILE = GoulashClub/SupportingFiles/Info.plist;
				IPHONEOS_DEPLOYMENT_TARGET = 12.0;
				LD_RUNPATH_SEARCH_PATHS = (
					"$(inherited)",
					"@executable_path/Frameworks",
				);
				PRODUCT_BUNDLE_IDENTIFIER = com.schwarja.research.GoulashClub;
				PRODUCT_NAME = "$(TARGET_NAME)";
				SUPPORTS_MACCATALYST = YES;
				SWIFT_VERSION = 5.0;
				TARGETED_DEVICE_FAMILY = "1,2";
			};
			name = Release;
		};
/* End XCBuildConfiguration section */

/* Begin XCConfigurationList section */
		C117880F236ADC24005FC9C0 /* Build configuration list for PBXProject "GoulashClub" */ = {
			isa = XCConfigurationList;
			buildConfigurations = (
				C1178826236ADC28005FC9C0 /* Debug */,
				C1178827236ADC28005FC9C0 /* Release */,
			);
			defaultConfigurationIsVisible = 0;
			defaultConfigurationName = Release;
		};
		C1178828236ADC28005FC9C0 /* Build configuration list for PBXNativeTarget "GoulashClub" */ = {
			isa = XCConfigurationList;
			buildConfigurations = (
				C1178829236ADC28005FC9C0 /* Debug */,
				C117882A236ADC28005FC9C0 /* Release */,
			);
			defaultConfigurationIsVisible = 0;
			defaultConfigurationName = Release;
		};
/* End XCConfigurationList section */
	};
	rootObject = C117880C236ADC24005FC9C0 /* Project object */;
}
